
Microsoft Visual Studio Solution File, Format Version 12.00
# Visual Studio Version 16
VisualStudioVersion = 16.0.29613.14
MinimumVisualStudioVersion = 15.0.26124.0
Project("{9A19103F-16F7-4668-BE54-9A1E7A4F7556}") = "Ticketbooth.ContractApiFeature", "src\Ticketbooth.ContractApiFeature\Ticketbooth.ContractApiFeature.csproj", "{A1BFDB0B-B49C-4873-A080-14381A948EEF}"
EndProject
Project("{9A19103F-16F7-4668-BE54-9A1E7A4F7556}") = "Ticketbooth.TestNode", "src\Ticketbooth.TestNode\Ticketbooth.TestNode.csproj", "{6AC00E9C-518D-4EAB-9611-33514FF9B895}"
EndProject
Global
	GlobalSection(SolutionConfigurationPlatforms) = preSolution
		Debug|Any CPU = Debug|Any CPU
		Debug|x64 = Debug|x64
		Debug|x86 = Debug|x86
		Release|Any CPU = Release|Any CPU
		Release|x64 = Release|x64
		Release|x86 = Release|x86
	EndGlobalSection
	GlobalSection(ProjectConfigurationPlatforms) = postSolution
		{A1BFDB0B-B49C-4873-A080-14381A948EEF}.Debug|Any CPU.ActiveCfg = Debug|Any CPU
		{A1BFDB0B-B49C-4873-A080-14381A948EEF}.Debug|Any CPU.Build.0 = Debug|Any CPU
		{A1BFDB0B-B49C-4873-A080-14381A948EEF}.Debug|x64.ActiveCfg = Debug|Any CPU
		{A1BFDB0B-B49C-4873-A080-14381A948EEF}.Debug|x64.Build.0 = Debug|Any CPU
		{A1BFDB0B-B49C-4873-A080-14381A948EEF}.Debug|x86.ActiveCfg = Debug|Any CPU
		{A1BFDB0B-B49C-4873-A080-14381A948EEF}.Debug|x86.Build.0 = Debug|Any CPU
		{A1BFDB0B-B49C-4873-A080-14381A948EEF}.Release|Any CPU.ActiveCfg = Release|Any CPU
		{A1BFDB0B-B49C-4873-A080-14381A948EEF}.Release|Any CPU.Build.0 = Release|Any CPU
		{A1BFDB0B-B49C-4873-A080-14381A948EEF}.Release|x64.ActiveCfg = Release|Any CPU
		{A1BFDB0B-B49C-4873-A080-14381A948EEF}.Release|x64.Build.0 = Release|Any CPU
		{A1BFDB0B-B49C-4873-A080-14381A948EEF}.Release|x86.ActiveCfg = Release|Any CPU
		{A1BFDB0B-B49C-4873-A080-14381A948EEF}.Release|x86.Build.0 = Release|Any CPU
		{6AC00E9C-518D-4EAB-9611-33514FF9B895}.Debug|Any CPU.ActiveCfg = Debug|Any CPU
		{6AC00E9C-518D-4EAB-9611-33514FF9B895}.Debug|Any CPU.Build.0 = Debug|Any CPU
		{6AC00E9C-518D-4EAB-9611-33514FF9B895}.Debug|x64.ActiveCfg = Debug|Any CPU
		{6AC00E9C-518D-4EAB-9611-33514FF9B895}.Debug|x64.Build.0 = Debug|Any CPU
		{6AC00E9C-518D-4EAB-9611-33514FF9B895}.Debug|x86.ActiveCfg = Debug|Any CPU
		{6AC00E9C-518D-4EAB-9611-33514FF9B895}.Debug|x86.Build.0 = Debug|Any CPU
		{6AC00E9C-518D-4EAB-9611-33514FF9B895}.Release|Any CPU.ActiveCfg = Release|Any CPU
		{6AC00E9C-518D-4EAB-9611-33514FF9B895}.Release|Any CPU.Build.0 = Release|Any CPU
		{6AC00E9C-518D-4EAB-9611-33514FF9B895}.Release|x64.ActiveCfg = Release|Any CPU
		{6AC00E9C-518D-4EAB-9611-33514FF9B895}.Release|x64.Build.0 = Release|Any CPU
		{6AC00E9C-518D-4EAB-9611-33514FF9B895}.Release|x86.ActiveCfg = Release|Any CPU
		{6AC00E9C-518D-4EAB-9611-33514FF9B895}.Release|x86.Build.0 = Release|Any CPU
	EndGlobalSection
	GlobalSection(SolutionProperties) = preSolution
		HideSolutionNode = FALSE
	EndGlobalSection
	GlobalSection(ExtensibilityGlobals) = postSolution
		SolutionGuid = {47848614-9031-43B5-9622-ADC6B1C75EC5}
	EndGlobalSection
EndGlobal
