
Microsoft Visual Studio Solution File, Format Version 12.00
# Visual Studio Version 16
VisualStudioVersion = 16.0.29613.14
MinimumVisualStudioVersion = 15.0.26124.0
Project("{9A19103F-16F7-4668-BE54-9A1E7A4F7556}") = "Ticketbooth.Demo.Node", "src\Ticketbooth.Demo.Node\Ticketbooth.Demo.Node.csproj", "{6AC00E9C-518D-4EAB-9611-33514FF9B895}"
EndProject
Project("{9A19103F-16F7-4668-BE54-9A1E7A4F7556}") = "Ticketbooth.Demo", "src\Ticketbooth.Demo\Ticketbooth.Demo.csproj", "{31638667-48CA-425F-8DEB-5D1B5E215028}"
EndProject
Project("{9A19103F-16F7-4668-BE54-9A1E7A4F7556}") = "Ticketbooth.Demo.Tests", "test\Ticketbooth.Demo.Tests\Ticketbooth.Demo.Tests.csproj", "{B1125F72-4470-42C7-97C1-AED00E4F9CB9}"
EndProject
Global
	GlobalSection(SolutionConfigurationPlatforms) = preSolution
		Debug|Any CPU = Debug|Any CPU
		Debug|x64 = Debug|x64
		Debug|x86 = Debug|x86
		Release|Any CPU = Release|Any CPU
		Release|x64 = Release|x64
		Release|x86 = Release|x86
	EndGlobalSection
	GlobalSection(ProjectConfigurationPlatforms) = postSolution
		{6AC00E9C-518D-4EAB-9611-33514FF9B895}.Debug|Any CPU.ActiveCfg = Debug|Any CPU
		{6AC00E9C-518D-4EAB-9611-33514FF9B895}.Debug|Any CPU.Build.0 = Debug|Any CPU
		{6AC00E9C-518D-4EAB-9611-33514FF9B895}.Debug|x64.ActiveCfg = Debug|Any CPU
		{6AC00E9C-518D-4EAB-9611-33514FF9B895}.Debug|x64.Build.0 = Debug|Any CPU
		{6AC00E9C-518D-4EAB-9611-33514FF9B895}.Debug|x86.ActiveCfg = Debug|Any CPU
		{6AC00E9C-518D-4EAB-9611-33514FF9B895}.Debug|x86.Build.0 = Debug|Any CPU
		{6AC00E9C-518D-4EAB-9611-33514FF9B895}.Release|Any CPU.ActiveCfg = Release|Any CPU
		{6AC00E9C-518D-4EAB-9611-33514FF9B895}.Release|Any CPU.Build.0 = Release|Any CPU
		{6AC00E9C-518D-4EAB-9611-33514FF9B895}.Release|x64.ActiveCfg = Release|Any CPU
		{6AC00E9C-518D-4EAB-9611-33514FF9B895}.Release|x64.Build.0 = Release|Any CPU
		{6AC00E9C-518D-4EAB-9611-33514FF9B895}.Release|x86.ActiveCfg = Release|Any CPU
		{6AC00E9C-518D-4EAB-9611-33514FF9B895}.Release|x86.Build.0 = Release|Any CPU
		{31638667-48CA-425F-8DEB-5D1B5E215028}.Debug|Any CPU.ActiveCfg = Debug|Any CPU
		{31638667-48CA-425F-8DEB-5D1B5E215028}.Debug|Any CPU.Build.0 = Debug|Any CPU
		{31638667-48CA-425F-8DEB-5D1B5E215028}.Debug|x64.ActiveCfg = Debug|Any CPU
		{31638667-48CA-425F-8DEB-5D1B5E215028}.Debug|x64.Build.0 = Debug|Any CPU
		{31638667-48CA-425F-8DEB-5D1B5E215028}.Debug|x86.ActiveCfg = Debug|Any CPU
		{31638667-48CA-425F-8DEB-5D1B5E215028}.Debug|x86.Build.0 = Debug|Any CPU
		{31638667-48CA-425F-8DEB-5D1B5E215028}.Release|Any CPU.ActiveCfg = Release|Any CPU
		{31638667-48CA-425F-8DEB-5D1B5E215028}.Release|Any CPU.Build.0 = Release|Any CPU
		{31638667-48CA-425F-8DEB-5D1B5E215028}.Release|x64.ActiveCfg = Release|Any CPU
		{31638667-48CA-425F-8DEB-5D1B5E215028}.Release|x64.Build.0 = Release|Any CPU
		{31638667-48CA-425F-8DEB-5D1B5E215028}.Release|x86.ActiveCfg = Release|Any CPU
		{31638667-48CA-425F-8DEB-5D1B5E215028}.Release|x86.Build.0 = Release|Any CPU
		{B1125F72-4470-42C7-97C1-AED00E4F9CB9}.Debug|Any CPU.ActiveCfg = Debug|Any CPU
		{B1125F72-4470-42C7-97C1-AED00E4F9CB9}.Debug|Any CPU.Build.0 = Debug|Any CPU
		{B1125F72-4470-42C7-97C1-AED00E4F9CB9}.Debug|x64.ActiveCfg = Debug|Any CPU
		{B1125F72-4470-42C7-97C1-AED00E4F9CB9}.Debug|x64.Build.0 = Debug|Any CPU
		{B1125F72-4470-42C7-97C1-AED00E4F9CB9}.Debug|x86.ActiveCfg = Debug|Any CPU
		{B1125F72-4470-42C7-97C1-AED00E4F9CB9}.Debug|x86.Build.0 = Debug|Any CPU
		{B1125F72-4470-42C7-97C1-AED00E4F9CB9}.Release|Any CPU.ActiveCfg = Release|Any CPU
		{B1125F72-4470-42C7-97C1-AED00E4F9CB9}.Release|Any CPU.Build.0 = Release|Any CPU
		{B1125F72-4470-42C7-97C1-AED00E4F9CB9}.Release|x64.ActiveCfg = Release|Any CPU
		{B1125F72-4470-42C7-97C1-AED00E4F9CB9}.Release|x64.Build.0 = Release|Any CPU
		{B1125F72-4470-42C7-97C1-AED00E4F9CB9}.Release|x86.ActiveCfg = Release|Any CPU
		{B1125F72-4470-42C7-97C1-AED00E4F9CB9}.Release|x86.Build.0 = Release|Any CPU
	EndGlobalSection
	GlobalSection(SolutionProperties) = preSolution
		HideSolutionNode = FALSE
	EndGlobalSection
	GlobalSection(ExtensibilityGlobals) = postSolution
		SolutionGuid = {47848614-9031-43B5-9622-ADC6B1C75EC5}
	EndGlobalSection
EndGlobal
